// !$*UTF8*$!
{
	archiveVersion = 1;
	classes = {
	};
	objectVersion = 55;
	objects = {

/* Begin PBXBuildFile section */
		2B33A4EC27E0D4A800EB36AE /* Squiggle.swift in Sources */ = {isa = PBXBuildFile; fileRef = 2B33A4EB27E0D4A800EB36AE /* Squiggle.swift */; };
		2B33A4EE27E0DEE200EB36AE /* Diamond.swift in Sources */ = {isa = PBXBuildFile; fileRef = 2B33A4ED27E0DEE200EB36AE /* Diamond.swift */; };
		2B33A4F027E0E1B300EB36AE /* AnyShape.swift in Sources */ = {isa = PBXBuildFile; fileRef = 2B33A4EF27E0E1B300EB36AE /* AnyShape.swift */; };
		2BAA9BC327B21C0300FAF39B /* SetGame.swift in Sources */ = {isa = PBXBuildFile; fileRef = 2BAA9BC227B21C0300FAF39B /* SetGame.swift */; };
		2BAA9BC727B21ECC00FAF39B /* SetGameViewModel.swift in Sources */ = {isa = PBXBuildFile; fileRef = 2BAA9BC627B21ECC00FAF39B /* SetGameViewModel.swift */; };
		2BACA60C27E0138D00D492A6 /* Card.swift in Sources */ = {isa = PBXBuildFile; fileRef = 2BACA60B27E0138D00D492A6 /* Card.swift */; };
		2BACA60F27E0158200D492A6 /* Oval.swift in Sources */ = {isa = PBXBuildFile; fileRef = 2BACA60E27E0158200D492A6 /* Oval.swift */; };
		2BB5B97E27A066C90057F8A7 /* MemorizeApp.swift in Sources */ = {isa = PBXBuildFile; fileRef = 2BB5B97D27A066C90057F8A7 /* MemorizeApp.swift */; };
		2BB5B98027A066C90057F8A7 /* EmojiMemoryGameView.swift in Sources */ = {isa = PBXBuildFile; fileRef = 2BB5B97F27A066C90057F8A7 /* EmojiMemoryGameView.swift */; };
		2BB5B98227A066CA0057F8A7 /* Assets.xcassets in Resources */ = {isa = PBXBuildFile; fileRef = 2BB5B98127A066CA0057F8A7 /* Assets.xcassets */; };
		2BB5B98527A066CA0057F8A7 /* Preview Assets.xcassets in Resources */ = {isa = PBXBuildFile; fileRef = 2BB5B98427A066CA0057F8A7 /* Preview Assets.xcassets */; };
		2BFC45AC27DEC67200159210 /* AspectVGrid.swift in Sources */ = {isa = PBXBuildFile; fileRef = 2BFC45AB27DEC67200159210 /* AspectVGrid.swift */; };
		2BFC45AE27DEF06000159210 /* Pie.swift in Sources */ = {isa = PBXBuildFile; fileRef = 2BFC45AD27DEF06000159210 /* Pie.swift */; };
/* End PBXBuildFile section */

/* Begin PBXFileReference section */
		2B33A4EB27E0D4A800EB36AE /* Squiggle.swift */ = {isa = PBXFileReference; lastKnownFileType = sourcecode.swift; path = Squiggle.swift; sourceTree = "<group>"; };
		2B33A4ED27E0DEE200EB36AE /* Diamond.swift */ = {isa = PBXFileReference; lastKnownFileType = sourcecode.swift; path = Diamond.swift; sourceTree = "<group>"; };
		2B33A4EF27E0E1B300EB36AE /* AnyShape.swift */ = {isa = PBXFileReference; lastKnownFileType = sourcecode.swift; path = AnyShape.swift; sourceTree = "<group>"; };
		2BAA9BC227B21C0300FAF39B /* SetGame.swift */ = {isa = PBXFileReference; lastKnownFileType = sourcecode.swift; path = SetGame.swift; sourceTree = "<group>"; };
		2BAA9BC627B21ECC00FAF39B /* SetGameViewModel.swift */ = {isa = PBXFileReference; lastKnownFileType = sourcecode.swift; path = SetGameViewModel.swift; sourceTree = "<group>"; };
		2BACA60B27E0138D00D492A6 /* Card.swift */ = {isa = PBXFileReference; lastKnownFileType = sourcecode.swift; path = Card.swift; sourceTree = "<group>"; };
		2BACA60E27E0158200D492A6 /* Oval.swift */ = {isa = PBXFileReference; lastKnownFileType = sourcecode.swift; path = Oval.swift; sourceTree = "<group>"; };
		2BB5B97A27A066C90057F8A7 /* Memorize.app */ = {isa = PBXFileReference; explicitFileType = wrapper.application; includeInIndex = 0; path = Memorize.app; sourceTree = BUILT_PRODUCTS_DIR; };
		2BB5B97D27A066C90057F8A7 /* MemorizeApp.swift */ = {isa = PBXFileReference; lastKnownFileType = sourcecode.swift; path = MemorizeApp.swift; sourceTree = "<group>"; };
		2BB5B97F27A066C90057F8A7 /* EmojiMemoryGameView.swift */ = {isa = PBXFileReference; lastKnownFileType = sourcecode.swift; path = EmojiMemoryGameView.swift; sourceTree = "<group>"; };
		2BB5B98127A066CA0057F8A7 /* Assets.xcassets */ = {isa = PBXFileReference; lastKnownFileType = folder.assetcatalog; path = Assets.xcassets; sourceTree = "<group>"; };
		2BB5B98427A066CA0057F8A7 /* Preview Assets.xcassets */ = {isa = PBXFileReference; lastKnownFileType = folder.assetcatalog; path = "Preview Assets.xcassets"; sourceTree = "<group>"; };
		2BFC45AB27DEC67200159210 /* AspectVGrid.swift */ = {isa = PBXFileReference; lastKnownFileType = sourcecode.swift; path = AspectVGrid.swift; sourceTree = "<group>"; };
		2BFC45AD27DEF06000159210 /* Pie.swift */ = {isa = PBXFileReference; lastKnownFileType = sourcecode.swift; path = Pie.swift; sourceTree = "<group>"; };
/* End PBXFileReference section */

/* Begin PBXFrameworksBuildPhase section */
		2BB5B97727A066C90057F8A7 /* Frameworks */ = {
			isa = PBXFrameworksBuildPhase;
			buildActionMask = 2147483647;
			files = (
			);
			runOnlyForDeploymentPostprocessing = 0;
		};
/* End PBXFrameworksBuildPhase section */

/* Begin PBXGroup section */
		2B33A4EA27E0D45F00EB36AE /* Card */ = {
			isa = PBXGroup;
			children = (
				2BACA60B27E0138D00D492A6 /* Card.swift */,
			);
			path = Card;
			sourceTree = "<group>";
		};
		2B33A4F127E0E4E700EB36AE /* ViewModel */ = {
			isa = PBXGroup;
			children = (
				2BAA9BC627B21ECC00FAF39B /* SetGameViewModel.swift */,
			);
			path = ViewModel;
			sourceTree = "<group>";
		};
		2B33A4F227E0E57D00EB36AE /* Model */ = {
			isa = PBXGroup;
			children = (
				2BAA9BC227B21C0300FAF39B /* SetGame.swift */,
			);
			path = Model;
			sourceTree = "<group>";
		};
		2B33A4F327E0E6C800EB36AE /* View */ = {
			isa = PBXGroup;
			children = (
				2BB5B97F27A066C90057F8A7 /* EmojiMemoryGameView.swift */,
			);
			path = View;
			sourceTree = "<group>";
		};
		2BACA60D27E0155300D492A6 /* Shape */ = {
			isa = PBXGroup;
			children = (
				2B33A4EF27E0E1B300EB36AE /* AnyShape.swift */,
				2BACA60E27E0158200D492A6 /* Oval.swift */,
				2B33A4EB27E0D4A800EB36AE /* Squiggle.swift */,
				2B33A4ED27E0DEE200EB36AE /* Diamond.swift */,
			);
			path = Shape;
			sourceTree = "<group>";
		};
		2BB5B97127A066C90057F8A7 = {
			isa = PBXGroup;
			children = (
				2BB5B97C27A066C90057F8A7 /* Memorize */,
				2BB5B97B27A066C90057F8A7 /* Products */,
			);
			sourceTree = "<group>";
		};
		2BB5B97B27A066C90057F8A7 /* Products */ = {
			isa = PBXGroup;
			children = (
				2BB5B97A27A066C90057F8A7 /* Memorize.app */,
			);
			name = Products;
			sourceTree = "<group>";
		};
		2BB5B97C27A066C90057F8A7 /* Memorize */ = {
			isa = PBXGroup;
			children = (
				2BB5B97D27A066C90057F8A7 /* MemorizeApp.swift */,
				2BFC45AD27DEF06000159210 /* Pie.swift */,
				2BFC45AB27DEC67200159210 /* AspectVGrid.swift */,
				2B33A4EA27E0D45F00EB36AE /* Card */,
				2BACA60D27E0155300D492A6 /* Shape */,
				2B33A4F327E0E6C800EB36AE /* View */,
				2B33A4F227E0E57D00EB36AE /* Model */,
				2B33A4F127E0E4E700EB36AE /* ViewModel */,
				2BB5B98127A066CA0057F8A7 /* Assets.xcassets */,
				2BB5B98327A066CA0057F8A7 /* Preview Content */,
			);
			path = Memorize;
			sourceTree = "<group>";
		};
		2BB5B98327A066CA0057F8A7 /* Preview Content */ = {
			isa = PBXGroup;
			children = (
				2BB5B98427A066CA0057F8A7 /* Preview Assets.xcassets */,
			);
			path = "Preview Content";
			sourceTree = "<group>";
		};
/* End PBXGroup section */

/* Begin PBXNativeTarget section */
		2BB5B97927A066C90057F8A7 /* Memorize */ = {
			isa = PBXNativeTarget;
			buildConfigurationList = 2BB5B98827A066CA0057F8A7 /* Build configuration list for PBXNativeTarget "Memorize" */;
			buildPhases = (
				2BB5B97627A066C90057F8A7 /* Sources */,
				2BB5B97727A066C90057F8A7 /* Frameworks */,
				2BB5B97827A066C90057F8A7 /* Resources */,
			);
			buildRules = (
			);
			dependencies = (
			);
			name = Memorize;
			productName = Memorize;
			productReference = 2BB5B97A27A066C90057F8A7 /* Memorize.app */;
			productType = "com.apple.product-type.application";
		};
/* End PBXNativeTarget section */

/* Begin PBXProject section */
		2BB5B97227A066C90057F8A7 /* Project object */ = {
			isa = PBXProject;
			attributes = {
				BuildIndependentTargetsInParallel = 1;
				LastSwiftUpdateCheck = 1320;
				LastUpgradeCheck = 1320;
				TargetAttributes = {
					2BB5B97927A066C90057F8A7 = {
						CreatedOnToolsVersion = 13.2;
					};
				};
			};
			buildConfigurationList = 2BB5B97527A066C90057F8A7 /* Build configuration list for PBXProject "Memorize" */;
			compatibilityVersion = "Xcode 13.0";
			developmentRegion = en;
			hasScannedForEncodings = 0;
			knownRegions = (
				en,
				Base,
			);
			mainGroup = 2BB5B97127A066C90057F8A7;
			productRefGroup = 2BB5B97B27A066C90057F8A7 /* Products */;
			projectDirPath = "";
			projectRoot = "";
			targets = (
				2BB5B97927A066C90057F8A7 /* Memorize */,
			);
		};
/* End PBXProject section */

/* Begin PBXResourcesBuildPhase section */
		2BB5B97827A066C90057F8A7 /* Resources */ = {
			isa = PBXResourcesBuildPhase;
			buildActionMask = 2147483647;
			files = (
				2BB5B98527A066CA0057F8A7 /* Preview Assets.xcassets in Resources */,
				2BB5B98227A066CA0057F8A7 /* Assets.xcassets in Resources */,
			);
			runOnlyForDeploymentPostprocessing = 0;
		};
/* End PBXResourcesBuildPhase section */

/* Begin PBXSourcesBuildPhase section */
		2BB5B97627A066C90057F8A7 /* Sources */ = {
			isa = PBXSourcesBuildPhase;
			buildActionMask = 2147483647;
			files = (
				2BFC45AE27DEF06000159210 /* Pie.swift in Sources */,
				2BAA9BC327B21C0300FAF39B /* SetGame.swift in Sources */,
				2BACA60C27E0138D00D492A6 /* Card.swift in Sources */,
				2B33A4EC27E0D4A800EB36AE /* Squiggle.swift in Sources */,
				2BB5B98027A066C90057F8A7 /* EmojiMemoryGameView.swift in Sources */,
				2BB5B97E27A066C90057F8A7 /* MemorizeApp.swift in Sources */,
				2BFC45AC27DEC67200159210 /* AspectVGrid.swift in Sources */,
				2BAA9BC727B21ECC00FAF39B /* SetGameViewModel.swift in Sources */,
				2B33A4EE27E0DEE200EB36AE /* Diamond.swift in Sources */,
				2BACA60F27E0158200D492A6 /* Oval.swift in Sources */,
				2B33A4F027E0E1B300EB36AE /* AnyShape.swift in Sources */,
			);
			runOnlyForDeploymentPostprocessing = 0;
		};
/* End PBXSourcesBuildPhase section */

/* Begin XCBuildConfiguration section */
		2BB5B98627A066CA0057F8A7 /* Debug */ = {
			isa = XCBuildConfiguration;
			buildSettings = {
				ALWAYS_SEARCH_USER_PATHS = NO;
				CLANG_ANALYZER_NONNULL = YES;
				CLANG_ANALYZER_NUMBER_OBJECT_CONVERSION = YES_AGGRESSIVE;
				CLANG_CXX_LANGUAGE_STANDARD = "gnu++17";
				CLANG_CXX_LIBRARY = "libc++";
				CLANG_ENABLE_MODULES = YES;
				CLANG_ENABLE_OBJC_ARC = YES;
				CLANG_ENABLE_OBJC_WEAK = YES;
				CLANG_WARN_BLOCK_CAPTURE_AUTORELEASING = YES;
				CLANG_WARN_BOOL_CONVERSION = YES;
				CLANG_WARN_COMMA = YES;
				CLANG_WARN_CONSTANT_CONVERSION = YES;
				CLANG_WARN_DEPRECATED_OBJC_IMPLEMENTATIONS = YES;
				CLANG_WARN_DIRECT_OBJC_ISA_USAGE = YES_ERROR;
				CLANG_WARN_DOCUMENTATION_COMMENTS = YES;
				CLANG_WARN_EMPTY_BODY = YES;
				CLANG_WARN_ENUM_CONVERSION = YES;
				CLANG_WARN_INFINITE_RECURSION = YES;
				CLANG_WARN_INT_CONVERSION = YES;
				CLANG_WARN_NON_LITERAL_NULL_CONVERSION = YES;
				CLANG_WARN_OBJC_IMPLICIT_RETAIN_SELF = YES;
				CLANG_WARN_OBJC_LITERAL_CONVERSION = YES;
				CLANG_WARN_OBJC_ROOT_CLASS = YES_ERROR;
				CLANG_WARN_QUOTED_INCLUDE_IN_FRAMEWORK_HEADER = YES;
				CLANG_WARN_RANGE_LOOP_ANALYSIS = YES;
				CLANG_WARN_STRICT_PROTOTYPES = YES;
				CLANG_WARN_SUSPICIOUS_MOVE = YES;
				CLANG_WARN_UNGUARDED_AVAILABILITY = YES_AGGRESSIVE;
				CLANG_WARN_UNREACHABLE_CODE = YES;
				CLANG_WARN__DUPLICATE_METHOD_MATCH = YES;
				COPY_PHASE_STRIP = NO;
				DEBUG_INFORMATION_FORMAT = dwarf;
				ENABLE_STRICT_OBJC_MSGSEND = YES;
				ENABLE_TESTABILITY = YES;
				GCC_C_LANGUAGE_STANDARD = gnu11;
				GCC_DYNAMIC_NO_PIC = NO;
				GCC_NO_COMMON_BLOCKS = YES;
				GCC_OPTIMIZATION_LEVEL = 0;
				GCC_PREPROCESSOR_DEFINITIONS = (
					"DEBUG=1",
					"$(inherited)",
				);
				GCC_WARN_64_TO_32_BIT_CONVERSION = YES;
				GCC_WARN_ABOUT_RETURN_TYPE = YES_ERROR;
				GCC_WARN_UNDECLARED_SELECTOR = YES;
				GCC_WARN_UNINITIALIZED_AUTOS = YES_AGGRESSIVE;
				GCC_WARN_UNUSED_FUNCTION = YES;
				GCC_WARN_UNUSED_VARIABLE = YES;
				IPHONEOS_DEPLOYMENT_TARGET = 14.0;
				MTL_ENABLE_DEBUG_INFO = INCLUDE_SOURCE;
				MTL_FAST_MATH = YES;
				ONLY_ACTIVE_ARCH = YES;
				SDKROOT = iphoneos;
				SWIFT_ACTIVE_COMPILATION_CONDITIONS = DEBUG;
				SWIFT_OPTIMIZATION_LEVEL = "-Onone";
			};
			name = Debug;
		};
		2BB5B98727A066CA0057F8A7 /* Release */ = {
			isa = XCBuildConfiguration;
			buildSettings = {
				ALWAYS_SEARCH_USER_PATHS = NO;
				CLANG_ANALYZER_NONNULL = YES;
				CLANG_ANALYZER_NUMBER_OBJECT_CONVERSION = YES_AGGRESSIVE;
				CLANG_CXX_LANGUAGE_STANDARD = "gnu++17";
				CLANG_CXX_LIBRARY = "libc++";
				CLANG_ENABLE_MODULES = YES;
				CLANG_ENABLE_OBJC_ARC = YES;
				CLANG_ENABLE_OBJC_WEAK = YES;
				CLANG_WARN_BLOCK_CAPTURE_AUTORELEASING = YES;
				CLANG_WARN_BOOL_CONVERSION = YES;
				CLANG_WARN_COMMA = YES;
				CLANG_WARN_CONSTANT_CONVERSION = YES;
				CLANG_WARN_DEPRECATED_OBJC_IMPLEMENTATIONS = YES;
				CLANG_WARN_DIRECT_OBJC_ISA_USAGE = YES_ERROR;
				CLANG_WARN_DOCUMENTATION_COMMENTS = YES;
				CLANG_WARN_EMPTY_BODY = YES;
				CLANG_WARN_ENUM_CONVERSION = YES;
				CLANG_WARN_INFINITE_RECURSION = YES;
				CLANG_WARN_INT_CONVERSION = YES;
				CLANG_WARN_NON_LITERAL_NULL_CONVERSION = YES;
				CLANG_WARN_OBJC_IMPLICIT_RETAIN_SELF = YES;
				CLANG_WARN_OBJC_LITERAL_CONVERSION = YES;
				CLANG_WARN_OBJC_ROOT_CLASS = YES_ERROR;
				CLANG_WARN_QUOTED_INCLUDE_IN_FRAMEWORK_HEADER = YES;
				CLANG_WARN_RANGE_LOOP_ANALYSIS = YES;
				CLANG_WARN_STRICT_PROTOTYPES = YES;
				CLANG_WARN_SUSPICIOUS_MOVE = YES;
				CLANG_WARN_UNGUARDED_AVAILABILITY = YES_AGGRESSIVE;
				CLANG_WARN_UNREACHABLE_CODE = YES;
				CLANG_WARN__DUPLICATE_METHOD_MATCH = YES;
				COPY_PHASE_STRIP = NO;
				DEBUG_INFORMATION_FORMAT = "dwarf-with-dsym";
				ENABLE_NS_ASSERTIONS = NO;
				ENABLE_STRICT_OBJC_MSGSEND = YES;
				GCC_C_LANGUAGE_STANDARD = gnu11;
				GCC_NO_COMMON_BLOCKS = YES;
				GCC_WARN_64_TO_32_BIT_CONVERSION = YES;
				GCC_WARN_ABOUT_RETURN_TYPE = YES_ERROR;
				GCC_WARN_UNDECLARED_SELECTOR = YES;
				GCC_WARN_UNINITIALIZED_AUTOS = YES_AGGRESSIVE;
				GCC_WARN_UNUSED_FUNCTION = YES;
				GCC_WARN_UNUSED_VARIABLE = YES;
				IPHONEOS_DEPLOYMENT_TARGET = 14.0;
				MTL_ENABLE_DEBUG_INFO = NO;
				MTL_FAST_MATH = YES;
				SDKROOT = iphoneos;
				SWIFT_COMPILATION_MODE = wholemodule;
				SWIFT_OPTIMIZATION_LEVEL = "-O";
				VALIDATE_PRODUCT = YES;
			};
			name = Release;
		};
		2BB5B98927A066CA0057F8A7 /* Debug */ = {
			isa = XCBuildConfiguration;
			buildSettings = {
				ASSETCATALOG_COMPILER_APPICON_NAME = AppIcon;
				ASSETCATALOG_COMPILER_GLOBAL_ACCENT_COLOR_NAME = AccentColor;
				CODE_SIGN_STYLE = Automatic;
				CURRENT_PROJECT_VERSION = 1;
				DEVELOPMENT_ASSET_PATHS = "\"Memorize/Preview Content\"";
				DEVELOPMENT_TEAM = 45U4TPHVMG;
				ENABLE_PREVIEWS = YES;
				GENERATE_INFOPLIST_FILE = YES;
				INFOPLIST_KEY_UIApplicationSceneManifest_Generation = YES;
				INFOPLIST_KEY_UIApplicationSupportsIndirectInputEvents = YES;
				INFOPLIST_KEY_UILaunchScreen_Generation = YES;
				INFOPLIST_KEY_UISupportedInterfaceOrientations_iPad = "UIInterfaceOrientationPortrait UIInterfaceOrientationPortraitUpsideDown UIInterfaceOrientationLandscapeLeft UIInterfaceOrientationLandscapeRight";
				INFOPLIST_KEY_UISupportedInterfaceOrientations_iPhone = "UIInterfaceOrientationPortrait UIInterfaceOrientationLandscapeLeft UIInterfaceOrientationLandscapeRight";
				LD_RUNPATH_SEARCH_PATHS = (
					"$(inherited)",
					"@executable_path/Frameworks",
				);
				MARKETING_VERSION = 1.0;
				PRODUCT_BUNDLE_IDENTIFIER = edu.stanford.Memorize;
				PRODUCT_NAME = "$(TARGET_NAME)";
				SWIFT_EMIT_LOC_STRINGS = YES;
				SWIFT_VERSION = 5.0;
				TARGETED_DEVICE_FAMILY = "1,2";
			};
			name = Debug;
		};
		2BB5B98A27A066CA0057F8A7 /* Release */ = {
			isa = XCBuildConfiguration;
			buildSettings = {
				ASSETCATALOG_COMPILER_APPICON_NAME = AppIcon;
				ASSETCATALOG_COMPILER_GLOBAL_ACCENT_COLOR_NAME = AccentColor;
				CODE_SIGN_STYLE = Automatic;
				CURRENT_PROJECT_VERSION = 1;
				DEVELOPMENT_ASSET_PATHS = "\"Memorize/Preview Content\"";
				DEVELOPMENT_TEAM = 45U4TPHVMG;
				ENABLE_PREVIEWS = YES;
				GENERATE_INFOPLIST_FILE = YES;
				INFOPLIST_KEY_UIApplicationSceneManifest_Generation = YES;
				INFOPLIST_KEY_UIApplicationSupportsIndirectInputEvents = YES;
				INFOPLIST_KEY_UILaunchScreen_Generation = YES;
				INFOPLIST_KEY_UISupportedInterfaceOrientations_iPad = "UIInterfaceOrientationPortrait UIInterfaceOrientationPortraitUpsideDown UIInterfaceOrientationLandscapeLeft UIInterfaceOrientationLandscapeRight";
				INFOPLIST_KEY_UISupportedInterfaceOrientations_iPhone = "UIInterfaceOrientationPortrait UIInterfaceOrientationLandscapeLeft UIInterfaceOrientationLandscapeRight";
				LD_RUNPATH_SEARCH_PATHS = (
					"$(inherited)",
					"@executable_path/Frameworks",
				);
				MARKETING_VERSION = 1.0;
				PRODUCT_BUNDLE_IDENTIFIER = edu.stanford.Memorize;
				PRODUCT_NAME = "$(TARGET_NAME)";
				SWIFT_EMIT_LOC_STRINGS = YES;
				SWIFT_VERSION = 5.0;
				TARGETED_DEVICE_FAMILY = "1,2";
			};
			name = Release;
		};
/* End XCBuildConfiguration section */

/* Begin XCConfigurationList section */
		2BB5B97527A066C90057F8A7 /* Build configuration list for PBXProject "Memorize" */ = {
			isa = XCConfigurationList;
			buildConfigurations = (
				2BB5B98627A066CA0057F8A7 /* Debug */,
				2BB5B98727A066CA0057F8A7 /* Release */,
			);
			defaultConfigurationIsVisible = 0;
			defaultConfigurationName = Release;
		};
		2BB5B98827A066CA0057F8A7 /* Build configuration list for PBXNativeTarget "Memorize" */ = {
			isa = XCConfigurationList;
			buildConfigurations = (
				2BB5B98927A066CA0057F8A7 /* Debug */,
				2BB5B98A27A066CA0057F8A7 /* Release */,
			);
			defaultConfigurationIsVisible = 0;
			defaultConfigurationName = Release;
		};
/* End XCConfigurationList section */
	};
	rootObject = 2BB5B97227A066C90057F8A7 /* Project object */;
}
